
Microsoft Visual Studio Solution File, Format Version 12.00
# Visual Studio Version 16
VisualStudioVersion = 16.0.29911.84
MinimumVisualStudioVersion = 10.0.40219.1
Project("{8BC9CEB8-8B4A-11D0-8D11-00A0C91BC942}") = "5_12150981", "5_12150981\5_12150981.vcxproj", "{306D68B0-2E8A-4666-AA59-B65E88B6686F}"
EndProject
Global
	GlobalSection(SolutionConfigurationPlatforms) = preSolution
		Debug|x64 = Debug|x64
		Debug|x86 = Debug|x86
		Release|x64 = Release|x64
		Release|x86 = Release|x86
	EndGlobalSection
	GlobalSection(ProjectConfigurationPlatforms) = postSolution
		{306D68B0-2E8A-4666-AA59-B65E88B6686F}.Debug|x64.ActiveCfg = Debug|x64
		{306D68B0-2E8A-4666-AA59-B65E88B6686F}.Debug|x64.Build.0 = Debug|x64
		{306D68B0-2E8A-4666-AA59-B65E88B6686F}.Debug|x86.ActiveCfg = Debug|Win32
		{306D68B0-2E8A-4666-AA59-B65E88B6686F}.Debug|x86.Build.0 = Debug|Win32
		{306D68B0-2E8A-4666-AA59-B65E88B6686F}.Release|x64.ActiveCfg = Release|x64
		{306D68B0-2E8A-4666-AA59-B65E88B6686F}.Release|x64.Build.0 = Release|x64
		{306D68B0-2E8A-4666-AA59-B65E88B6686F}.Release|x86.ActiveCfg = Release|Win32
		{306D68B0-2E8A-4666-AA59-B65E88B6686F}.Release|x86.Build.0 = Release|Win32
	EndGlobalSection
	GlobalSection(SolutionProperties) = preSolution
		HideSolutionNode = FALSE
	EndGlobalSection
	GlobalSection(ExtensibilityGlobals) = postSolution
		SolutionGuid = {0B54B4B1-6377-473C-9347-AC8B4578F5FD}
	EndGlobalSection
EndGlobal
